
Microsoft Visual Studio Solution File, Format Version 12.00
# Visual Studio Version 17
VisualStudioVersion = 17.0.31903.59
MinimumVisualStudioVersion = 10.0.40219.1
Project("{2150E333-8FDC-42A3-9474-1A3956D46DE8}") = "src", "src", "{827E0CD3-B72D-47B6-A68D-7590B98EB39B}"
EndProject
Project("{FAE04EC0-301F-11D3-BF4B-00C04F79EFBC}") = "BotArena.Engine", "src\BotArena.Engine\BotArena.Engine.csproj", "{E5CB0C14-D5D7-4D0A-8F5B-897BEE1B6F57}"
EndProject
Project("{FAE04EC0-301F-11D3-BF4B-00C04F79EFBC}") = "BotArena.Sdk", "src\BotArena.Sdk\BotArena.Sdk.csproj", "{89CA6662-7C0F-4186-948B-3AFC17E68CDD}"
EndProject
Project("{FAE04EC0-301F-11D3-BF4B-00C04F79EFBC}") = "BotArena.Runtime", "src\BotArena.Runtime\BotArena.Runtime.csproj", "{024AE8DE-7EC9-4A47-9795-BD2E70FAEFFB}"
EndProject
Project("{FAE04EC0-301F-11D3-BF4B-00C04F79EFBC}") = "BotArena.Cli", "src\BotArena.Cli\BotArena.Cli.csproj", "{D0784A29-A3F0-452E-AA3D-D3C034E7935D}"
EndProject
Project("{2150E333-8FDC-42A3-9474-1A3956D46DE8}") = "tests", "tests", "{0AB3BF05-4346-4AA6-1389-037BE0695223}"
EndProject
Project("{FAE04EC0-301F-11D3-BF4B-00C04F79EFBC}") = "BotArena.Engine.Tests", "tests\BotArena.Engine.Tests\BotArena.Engine.Tests.csproj", "{901215FE-BAFB-4ED4-8A86-2007304F0847}"
EndProject
Project("{FAE04EC0-301F-11D3-BF4B-00C04F79EFBC}") = "BotArena.Determinism.Tests", "tests\BotArena.Determinism.Tests\BotArena.Determinism.Tests.csproj", "{C31FA727-723E-418A-BCB1-A9E3E055CCF5}"
EndProject
Project("{FAE04EC0-301F-11D3-BF4B-00C04F79EFBC}") = "BotArena.Runtime.Wasm", "src\BotArena.Runtime.Wasm\BotArena.Runtime.Wasm.csproj", "{7901CF33-D1C9-48B5-BBF8-2853C4740AE8}"
EndProject
Project("{FAE04EC0-301F-11D3-BF4B-00C04F79EFBC}") = "BotArena.Runtime.Wasm.Tests", "tests\BotArena.Runtime.Wasm.Tests\BotArena.Runtime.Wasm.Tests.csproj", "{3326FB82-17D6-4123-BAEB-73253F726CF6}"
EndProject
Project("{FAE04EC0-301F-11D3-BF4B-00C04F79EFBC}") = "BotArena.Guest", "src\BotArena.Guest\BotArena.Guest.csproj", "{C105EDB0-F8BC-4093-B853-8EFE9BC703B3}"
EndProject
Global
	GlobalSection(SolutionConfigurationPlatforms) = preSolution
		Debug|Any CPU = Debug|Any CPU
		Debug|x64 = Debug|x64
		Debug|x86 = Debug|x86
		Release|Any CPU = Release|Any CPU
		Release|x64 = Release|x64
		Release|x86 = Release|x86
	EndGlobalSection
	GlobalSection(ProjectConfigurationPlatforms) = postSolution
		{E5CB0C14-D5D7-4D0A-8F5B-897BEE1B6F57}.Debug|Any CPU.ActiveCfg = Debug|Any CPU
		{E5CB0C14-D5D7-4D0A-8F5B-897BEE1B6F57}.Debug|Any CPU.Build.0 = Debug|Any CPU
		{E5CB0C14-D5D7-4D0A-8F5B-897BEE1B6F57}.Debug|x64.ActiveCfg = Debug|Any CPU
		{E5CB0C14-D5D7-4D0A-8F5B-897BEE1B6F57}.Debug|x64.Build.0 = Debug|Any CPU
		{E5CB0C14-D5D7-4D0A-8F5B-897BEE1B6F57}.Debug|x86.ActiveCfg = Debug|Any CPU
		{E5CB0C14-D5D7-4D0A-8F5B-897BEE1B6F57}.Debug|x86.Build.0 = Debug|Any CPU
		{E5CB0C14-D5D7-4D0A-8F5B-897BEE1B6F57}.Release|Any CPU.ActiveCfg = Release|Any CPU
		{E5CB0C14-D5D7-4D0A-8F5B-897BEE1B6F57}.Release|Any CPU.Build.0 = Release|Any CPU
		{E5CB0C14-D5D7-4D0A-8F5B-897BEE1B6F57}.Release|x64.ActiveCfg = Release|Any CPU
		{E5CB0C14-D5D7-4D0A-8F5B-897BEE1B6F57}.Release|x64.Build.0 = Release|Any CPU
		{E5CB0C14-D5D7-4D0A-8F5B-897BEE1B6F57}.Release|x86.ActiveCfg = Release|Any CPU
		{E5CB0C14-D5D7-4D0A-8F5B-897BEE1B6F57}.Release|x86.Build.0 = Release|Any CPU
		{89CA6662-7C0F-4186-948B-3AFC17E68CDD}.Debug|Any CPU.ActiveCfg = Debug|Any CPU
		{89CA6662-7C0F-4186-948B-3AFC17E68CDD}.Debug|Any CPU.Build.0 = Debug|Any CPU
		{89CA6662-7C0F-4186-948B-3AFC17E68CDD}.Debug|x64.ActiveCfg = Debug|Any CPU
		{89CA6662-7C0F-4186-948B-3AFC17E68CDD}.Debug|x64.Build.0 = Debug|Any CPU
		{89CA6662-7C0F-4186-948B-3AFC17E68CDD}.Debug|x86.ActiveCfg = Debug|Any CPU
		{89CA6662-7C0F-4186-948B-3AFC17E68CDD}.Debug|x86.Build.0 = Debug|Any CPU
		{89CA6662-7C0F-4186-948B-3AFC17E68CDD}.Release|Any CPU.ActiveCfg = Release|Any CPU
		{89CA6662-7C0F-4186-948B-3AFC17E68CDD}.Release|Any CPU.Build.0 = Release|Any CPU
		{89CA6662-7C0F-4186-948B-3AFC17E68CDD}.Release|x64.ActiveCfg = Release|Any CPU
		{89CA6662-7C0F-4186-948B-3AFC17E68CDD}.Release|x64.Build.0 = Release|Any CPU
		{89CA6662-7C0F-4186-948B-3AFC17E68CDD}.Release|x86.ActiveCfg = Release|Any CPU
		{89CA6662-7C0F-4186-948B-3AFC17E68CDD}.Release|x86.Build.0 = Release|Any CPU
		{024AE8DE-7EC9-4A47-9795-BD2E70FAEFFB}.Debug|Any CPU.ActiveCfg = Debug|Any CPU
		{024AE8DE-7EC9-4A47-9795-BD2E70FAEFFB}.Debug|Any CPU.Build.0 = Debug|Any CPU
		{024AE8DE-7EC9-4A47-9795-BD2E70FAEFFB}.Debug|x64.ActiveCfg = Debug|Any CPU
		{024AE8DE-7EC9-4A47-9795-BD2E70FAEFFB}.Debug|x64.Build.0 = Debug|Any CPU
		{024AE8DE-7EC9-4A47-9795-BD2E70FAEFFB}.Debug|x86.ActiveCfg = Debug|Any CPU
		{024AE8DE-7EC9-4A47-9795-BD2E70FAEFFB}.Debug|x86.Build.0 = Debug|Any CPU
		{024AE8DE-7EC9-4A47-9795-BD2E70FAEFFB}.Release|Any CPU.ActiveCfg = Release|Any CPU
		{024AE8DE-7EC9-4A47-9795-BD2E70FAEFFB}.Release|Any CPU.Build.0 = Release|Any CPU
		{024AE8DE-7EC9-4A47-9795-BD2E70FAEFFB}.Release|x64.ActiveCfg = Release|Any CPU
		{024AE8DE-7EC9-4A47-9795-BD2E70FAEFFB}.Release|x64.Build.0 = Release|Any CPU
		{024AE8DE-7EC9-4A47-9795-BD2E70FAEFFB}.Release|x86.ActiveCfg = Release|Any CPU
		{024AE8DE-7EC9-4A47-9795-BD2E70FAEFFB}.Release|x86.Build.0 = Release|Any CPU
		{D0784A29-A3F0-452E-AA3D-D3C034E7935D}.Debug|Any CPU.ActiveCfg = Debug|Any CPU
		{D0784A29-A3F0-452E-AA3D-D3C034E7935D}.Debug|Any CPU.Build.0 = Debug|Any CPU
		{D0784A29-A3F0-452E-AA3D-D3C034E7935D}.Debug|x64.ActiveCfg = Debug|Any CPU
		{D0784A29-A3F0-452E-AA3D-D3C034E7935D}.Debug|x64.Build.0 = Debug|Any CPU
		{D0784A29-A3F0-452E-AA3D-D3C034E7935D}.Debug|x86.ActiveCfg = Debug|Any CPU
		{D0784A29-A3F0-452E-AA3D-D3C034E7935D}.Debug|x86.Build.0 = Debug|Any CPU
		{D0784A29-A3F0-452E-AA3D-D3C034E7935D}.Release|Any CPU.ActiveCfg = Release|Any CPU
		{D0784A29-A3F0-452E-AA3D-D3C034E7935D}.Release|Any CPU.Build.0 = Release|Any CPU
		{D0784A29-A3F0-452E-AA3D-D3C034E7935D}.Release|x64.ActiveCfg = Release|Any CPU
		{D0784A29-A3F0-452E-AA3D-D3C034E7935D}.Release|x64.Build.0 = Release|Any CPU
		{D0784A29-A3F0-452E-AA3D-D3C034E7935D}.Release|x86.ActiveCfg = Release|Any CPU
		{D0784A29-A3F0-452E-AA3D-D3C034E7935D}.Release|x86.Build.0 = Release|Any CPU
		{901215FE-BAFB-4ED4-8A86-2007304F0847}.Debug|Any CPU.ActiveCfg = Debug|Any CPU
		{901215FE-BAFB-4ED4-8A86-2007304F0847}.Debug|Any CPU.Build.0 = Debug|Any CPU
		{901215FE-BAFB-4ED4-8A86-2007304F0847}.Debug|x64.ActiveCfg = Debug|Any CPU
		{901215FE-BAFB-4ED4-8A86-2007304F0847}.Debug|x64.Build.0 = Debug|Any CPU
		{901215FE-BAFB-4ED4-8A86-2007304F0847}.Debug|x86.ActiveCfg = Debug|Any CPU
		{901215FE-BAFB-4ED4-8A86-2007304F0847}.Debug|x86.Build.0 = Debug|Any CPU
		{901215FE-BAFB-4ED4-8A86-2007304F0847}.Release|Any CPU.ActiveCfg = Release|Any CPU
		{901215FE-BAFB-4ED4-8A86-2007304F0847}.Release|Any CPU.Build.0 = Release|Any CPU
		{901215FE-BAFB-4ED4-8A86-2007304F0847}.Release|x64.ActiveCfg = Release|Any CPU
		{901215FE-BAFB-4ED4-8A86-2007304F0847}.Release|x64.Build.0 = Release|Any CPU
		{901215FE-BAFB-4ED4-8A86-2007304F0847}.Release|x86.ActiveCfg = Release|Any CPU
		{901215FE-BAFB-4ED4-8A86-2007304F0847}.Release|x86.Build.0 = Release|Any CPU
		{C31FA727-723E-418A-BCB1-A9E3E055CCF5}.Debug|Any CPU.ActiveCfg = Debug|Any CPU
		{C31FA727-723E-418A-BCB1-A9E3E055CCF5}.Debug|Any CPU.Build.0 = Debug|Any CPU
		{C31FA727-723E-418A-BCB1-A9E3E055CCF5}.Debug|x64.ActiveCfg = Debug|Any CPU
		{C31FA727-723E-418A-BCB1-A9E3E055CCF5}.Debug|x64.Build.0 = Debug|Any CPU
		{C31FA727-723E-418A-BCB1-A9E3E055CCF5}.Debug|x86.ActiveCfg = Debug|Any CPU
		{C31FA727-723E-418A-BCB1-A9E3E055CCF5}.Debug|x86.Build.0 = Debug|Any CPU
		{C31FA727-723E-418A-BCB1-A9E3E055CCF5}.Release|Any CPU.ActiveCfg = Release|Any CPU
		{C31FA727-723E-418A-BCB1-A9E3E055CCF5}.Release|Any CPU.Build.0 = Release|Any CPU
		{C31FA727-723E-418A-BCB1-A9E3E055CCF5}.Release|x64.ActiveCfg = Release|Any CPU
		{C31FA727-723E-418A-BCB1-A9E3E055CCF5}.Release|x64.Build.0 = Release|Any CPU
		{C31FA727-723E-418A-BCB1-A9E3E055CCF5}.Release|x86.ActiveCfg = Release|Any CPU
		{C31FA727-723E-418A-BCB1-A9E3E055CCF5}.Release|x86.Build.0 = Release|Any CPU
		{7901CF33-D1C9-48B5-BBF8-2853C4740AE8}.Debug|Any CPU.ActiveCfg = Debug|Any CPU
		{7901CF33-D1C9-48B5-BBF8-2853C4740AE8}.Debug|Any CPU.Build.0 = Debug|Any CPU
		{7901CF33-D1C9-48B5-BBF8-2853C4740AE8}.Debug|x64.ActiveCfg = Debug|Any CPU
		{7901CF33-D1C9-48B5-BBF8-2853C4740AE8}.Debug|x64.Build.0 = Debug|Any CPU
		{7901CF33-D1C9-48B5-BBF8-2853C4740AE8}.Debug|x86.ActiveCfg = Debug|Any CPU
		{7901CF33-D1C9-48B5-BBF8-2853C4740AE8}.Debug|x86.Build.0 = Debug|Any CPU
		{7901CF33-D1C9-48B5-BBF8-2853C4740AE8}.Release|Any CPU.ActiveCfg = Release|Any CPU
		{7901CF33-D1C9-48B5-BBF8-2853C4740AE8}.Release|Any CPU.Build.0 = Release|Any CPU
		{7901CF33-D1C9-48B5-BBF8-2853C4740AE8}.Release|x64.ActiveCfg = Release|Any CPU
		{7901CF33-D1C9-48B5-BBF8-2853C4740AE8}.Release|x64.Build.0 = Release|Any CPU
		{7901CF33-D1C9-48B5-BBF8-2853C4740AE8}.Release|x86.ActiveCfg = Release|Any CPU
		{7901CF33-D1C9-48B5-BBF8-2853C4740AE8}.Release|x86.Build.0 = Release|Any CPU
		{3326FB82-17D6-4123-BAEB-73253F726CF6}.Debug|Any CPU.ActiveCfg = Debug|Any CPU
		{3326FB82-17D6-4123-BAEB-73253F726CF6}.Debug|Any CPU.Build.0 = Debug|Any CPU
		{3326FB82-17D6-4123-BAEB-73253F726CF6}.Debug|x64.ActiveCfg = Debug|Any CPU
		{3326FB82-17D6-4123-BAEB-73253F726CF6}.Debug|x64.Build.0 = Debug|Any CPU
		{3326FB82-17D6-4123-BAEB-73253F726CF6}.Debug|x86.ActiveCfg = Debug|Any CPU
		{3326FB82-17D6-4123-BAEB-73253F726CF6}.Debug|x86.Build.0 = Debug|Any CPU
		{3326FB82-17D6-4123-BAEB-73253F726CF6}.Release|Any CPU.ActiveCfg = Release|Any CPU
		{3326FB82-17D6-4123-BAEB-73253F726CF6}.Release|Any CPU.Build.0 = Release|Any CPU
		{3326FB82-17D6-4123-BAEB-73253F726CF6}.Release|x64.ActiveCfg = Release|Any CPU
		{3326FB82-17D6-4123-BAEB-73253F726CF6}.Release|x64.Build.0 = Release|Any CPU
		{3326FB82-17D6-4123-BAEB-73253F726CF6}.Release|x86.ActiveCfg = Release|Any CPU
		{3326FB82-17D6-4123-BAEB-73253F726CF6}.Release|x86.Build.0 = Release|Any CPU
		{C105EDB0-F8BC-4093-B853-8EFE9BC703B3}.Debug|Any CPU.ActiveCfg = Debug|Any CPU
		{C105EDB0-F8BC-4093-B853-8EFE9BC703B3}.Debug|Any CPU.Build.0 = Debug|Any CPU
		{C105EDB0-F8BC-4093-B853-8EFE9BC703B3}.Debug|x64.ActiveCfg = Debug|Any CPU
		{C105EDB0-F8BC-4093-B853-8EFE9BC703B3}.Debug|x64.Build.0 = Debug|Any CPU
		{C105EDB0-F8BC-4093-B853-8EFE9BC703B3}.Debug|x86.ActiveCfg = Debug|Any CPU
		{C105EDB0-F8BC-4093-B853-8EFE9BC703B3}.Debug|x86.Build.0 = Debug|Any CPU
		{C105EDB0-F8BC-4093-B853-8EFE9BC703B3}.Release|Any CPU.ActiveCfg = Release|Any CPU
		{C105EDB0-F8BC-4093-B853-8EFE9BC703B3}.Release|Any CPU.Build.0 = Release|Any CPU
		{C105EDB0-F8BC-4093-B853-8EFE9BC703B3}.Release|x64.ActiveCfg = Release|Any CPU
		{C105EDB0-F8BC-4093-B853-8EFE9BC703B3}.Release|x64.Build.0 = Release|Any CPU
		{C105EDB0-F8BC-4093-B853-8EFE9BC703B3}.Release|x86.ActiveCfg = Release|Any CPU
		{C105EDB0-F8BC-4093-B853-8EFE9BC703B3}.Release|x86.Build.0 = Release|Any CPU
	EndGlobalSection
	GlobalSection(SolutionProperties) = preSolution
		HideSolutionNode = FALSE
	EndGlobalSection
	GlobalSection(NestedProjects) = preSolution
		{E5CB0C14-D5D7-4D0A-8F5B-897BEE1B6F57} = {827E0CD3-B72D-47B6-A68D-7590B98EB39B}
		{89CA6662-7C0F-4186-948B-3AFC17E68CDD} = {827E0CD3-B72D-47B6-A68D-7590B98EB39B}
		{024AE8DE-7EC9-4A47-9795-BD2E70FAEFFB} = {827E0CD3-B72D-47B6-A68D-7590B98EB39B}
		{D0784A29-A3F0-452E-AA3D-D3C034E7935D} = {827E0CD3-B72D-47B6-A68D-7590B98EB39B}
		{901215FE-BAFB-4ED4-8A86-2007304F0847} = {0AB3BF05-4346-4AA6-1389-037BE0695223}
		{C31FA727-723E-418A-BCB1-A9E3E055CCF5} = {0AB3BF05-4346-4AA6-1389-037BE0695223}
		{7901CF33-D1C9-48B5-BBF8-2853C4740AE8} = {827E0CD3-B72D-47B6-A68D-7590B98EB39B}
		{3326FB82-17D6-4123-BAEB-73253F726CF6} = {0AB3BF05-4346-4AA6-1389-037BE0695223}
		{C105EDB0-F8BC-4093-B853-8EFE9BC703B3} = {827E0CD3-B72D-47B6-A68D-7590B98EB39B}
	EndGlobalSection
EndGlobal
